// !$*UTF8*$!
{
	archiveVersion = 1;
	classes = {
	};
	objectVersion = 50;
	objects = {

/* Begin PBXBuildFile section */
		9BA0C03122B060CE00E7FFE2 /* main.swift in Sources */ = {isa = PBXBuildFile; fileRef = 9BA0C03022B060CE00E7FFE2 /* main.swift */; };
		9BE37B8322B1D51000EF6ECE /* Users.swift in Sources */ = {isa = PBXBuildFile; fileRef = 9BE37B8222B1D51000EF6ECE /* Users.swift */; };
<<<<<<< HEAD
		9BF4626222B8487200A886AF /* Utitlity.swift in Sources */ = {isa = PBXBuildFile; fileRef = 9BF4626122B8487200A886AF /* Utitlity.swift */; };
		9BF4626422B848B600A886AF /* Seller.swift in Sources */ = {isa = PBXBuildFile; fileRef = 9BF4626322B848B600A886AF /* Seller.swift */; };
		9BF4626622B848C100A886AF /* Buyer.swift in Sources */ = {isa = PBXBuildFile; fileRef = 9BF4626522B848C100A886AF /* Buyer.swift */; };
		9BF4626C22B8520000A886AF /* Address.swift in Sources */ = {isa = PBXBuildFile; fileRef = 9BF4626B22B8520000A886AF /* Address.swift */; };
		9BF4626E22B854D100A886AF /* Enums.swift in Sources */ = {isa = PBXBuildFile; fileRef = 9BF4626D22B854D100A886AF /* Enums.swift */; };
		9BF4627022B8672400A886AF /* Products.swift in Sources */ = {isa = PBXBuildFile; fileRef = 9BF4626F22B8672400A886AF /* Products.swift */; };
		9BF4627322B86AAF00A886AF /* IDisplay.swift in Sources */ = {isa = PBXBuildFile; fileRef = 9BF4627222B86AAF00A886AF /* IDisplay.swift */; };
=======
		9BE37B8522B1DAFE00EF6ECE /* Seller.swift in Sources */ = {isa = PBXBuildFile; fileRef = 9BE37B8422B1DAFE00EF6ECE /* Seller.swift */; };
>>>>>>> Vipul
/* End PBXBuildFile section */

/* Begin PBXCopyFilesBuildPhase section */
		9BA0C02B22B060CE00E7FFE2 /* CopyFiles */ = {
			isa = PBXCopyFilesBuildPhase;
			buildActionMask = 2147483647;
			dstPath = /usr/share/man/man1/;
			dstSubfolderSpec = 0;
			files = (
			);
			runOnlyForDeploymentPostprocessing = 1;
		};
/* End PBXCopyFilesBuildPhase section */

/* Begin PBXFileReference section */
		9BA0C02D22B060CE00E7FFE2 /* HappyLifeSwift */ = {isa = PBXFileReference; explicitFileType = "compiled.mach-o.executable"; includeInIndex = 0; path = HappyLifeSwift; sourceTree = BUILT_PRODUCTS_DIR; };
		9BA0C03022B060CE00E7FFE2 /* main.swift */ = {isa = PBXFileReference; lastKnownFileType = sourcecode.swift; path = main.swift; sourceTree = "<group>"; };
		9BE37B8222B1D51000EF6ECE /* Users.swift */ = {isa = PBXFileReference; lastKnownFileType = sourcecode.swift; path = Users.swift; sourceTree = "<group>"; };
<<<<<<< HEAD
		9BF4626122B8487200A886AF /* Utitlity.swift */ = {isa = PBXFileReference; lastKnownFileType = sourcecode.swift; path = Utitlity.swift; sourceTree = "<group>"; };
		9BF4626322B848B600A886AF /* Seller.swift */ = {isa = PBXFileReference; lastKnownFileType = sourcecode.swift; path = Seller.swift; sourceTree = "<group>"; };
		9BF4626522B848C100A886AF /* Buyer.swift */ = {isa = PBXFileReference; lastKnownFileType = sourcecode.swift; path = Buyer.swift; sourceTree = "<group>"; };
		9BF4626B22B8520000A886AF /* Address.swift */ = {isa = PBXFileReference; lastKnownFileType = sourcecode.swift; path = Address.swift; sourceTree = "<group>"; };
		9BF4626D22B854D100A886AF /* Enums.swift */ = {isa = PBXFileReference; lastKnownFileType = sourcecode.swift; path = Enums.swift; sourceTree = "<group>"; };
		9BF4626F22B8672400A886AF /* Products.swift */ = {isa = PBXFileReference; lastKnownFileType = sourcecode.swift; path = Products.swift; sourceTree = "<group>"; };
		9BF4627222B86AAF00A886AF /* IDisplay.swift */ = {isa = PBXFileReference; lastKnownFileType = sourcecode.swift; path = IDisplay.swift; sourceTree = "<group>"; };
=======
		9BE37B8422B1DAFE00EF6ECE /* Seller.swift */ = {isa = PBXFileReference; lastKnownFileType = sourcecode.swift; path = Seller.swift; sourceTree = "<group>"; };
>>>>>>> Vipul
/* End PBXFileReference section */

/* Begin PBXFrameworksBuildPhase section */
		9BA0C02A22B060CE00E7FFE2 /* Frameworks */ = {
			isa = PBXFrameworksBuildPhase;
			buildActionMask = 2147483647;
			files = (
			);
			runOnlyForDeploymentPostprocessing = 0;
		};
/* End PBXFrameworksBuildPhase section */

/* Begin PBXGroup section */
		9BA0C02422B060CE00E7FFE2 = {
			isa = PBXGroup;
			children = (
				9BA0C02F22B060CE00E7FFE2 /* HappyLifeSwift */,
				9BA0C02E22B060CE00E7FFE2 /* Products */,
			);
			sourceTree = "<group>";
		};
		9BA0C02E22B060CE00E7FFE2 /* Products */ = {
			isa = PBXGroup;
			children = (
				9BA0C02D22B060CE00E7FFE2 /* HappyLifeSwift */,
			);
			name = Products;
			sourceTree = "<group>";
		};
		9BA0C02F22B060CE00E7FFE2 /* HappyLifeSwift */ = {
			isa = PBXGroup;
			children = (
				9BF4627122B86A9800A886AF /* protocols */,
				9BF4626022B8485F00A886AF /* utility */,
				9BF4625F22B8468A00A886AF /* users */,
				9BA0C03022B060CE00E7FFE2 /* main.swift */,
<<<<<<< HEAD
=======
				9BE37B8222B1D51000EF6ECE /* Users.swift */,
				9BE37B8422B1DAFE00EF6ECE /* Seller.swift */,
>>>>>>> Vipul
			);
			path = HappyLifeSwift;
			sourceTree = "<group>";
		};
		9BF4625F22B8468A00A886AF /* users */ = {
			isa = PBXGroup;
			children = (
				9BE37B8222B1D51000EF6ECE /* Users.swift */,
				9BF4626322B848B600A886AF /* Seller.swift */,
				9BF4626522B848C100A886AF /* Buyer.swift */,
			);
			path = users;
			sourceTree = "<group>";
		};
		9BF4626022B8485F00A886AF /* utility */ = {
			isa = PBXGroup;
			children = (
				9BF4626122B8487200A886AF /* Utitlity.swift */,
				9BF4626B22B8520000A886AF /* Address.swift */,
				9BF4626D22B854D100A886AF /* Enums.swift */,
				9BF4626F22B8672400A886AF /* Products.swift */,
			);
			path = utility;
			sourceTree = "<group>";
		};
		9BF4627122B86A9800A886AF /* protocols */ = {
			isa = PBXGroup;
			children = (
				9BF4627222B86AAF00A886AF /* IDisplay.swift */,
			);
			path = protocols;
			sourceTree = "<group>";
		};
/* End PBXGroup section */

/* Begin PBXNativeTarget section */
		9BA0C02C22B060CE00E7FFE2 /* HappyLifeSwift */ = {
			isa = PBXNativeTarget;
			buildConfigurationList = 9BA0C03422B060CE00E7FFE2 /* Build configuration list for PBXNativeTarget "HappyLifeSwift" */;
			buildPhases = (
				9BA0C02922B060CE00E7FFE2 /* Sources */,
				9BA0C02A22B060CE00E7FFE2 /* Frameworks */,
				9BA0C02B22B060CE00E7FFE2 /* CopyFiles */,
			);
			buildRules = (
			);
			dependencies = (
			);
			name = HappyLifeSwift;
			productName = HappyLifeSwift;
			productReference = 9BA0C02D22B060CE00E7FFE2 /* HappyLifeSwift */;
			productType = "com.apple.product-type.tool";
		};
/* End PBXNativeTarget section */

/* Begin PBXProject section */
		9BA0C02522B060CE00E7FFE2 /* Project object */ = {
			isa = PBXProject;
			attributes = {
				LastSwiftUpdateCheck = 1020;
				LastUpgradeCheck = 1020;
				ORGANIZATIONNAME = MacStudent;
				TargetAttributes = {
					9BA0C02C22B060CE00E7FFE2 = {
						CreatedOnToolsVersion = 10.2.1;
					};
				};
			};
			buildConfigurationList = 9BA0C02822B060CE00E7FFE2 /* Build configuration list for PBXProject "HappyLifeSwift" */;
			compatibilityVersion = "Xcode 9.3";
			developmentRegion = en;
			hasScannedForEncodings = 0;
			knownRegions = (
				en,
			);
			mainGroup = 9BA0C02422B060CE00E7FFE2;
			productRefGroup = 9BA0C02E22B060CE00E7FFE2 /* Products */;
			projectDirPath = "";
			projectRoot = "";
			targets = (
				9BA0C02C22B060CE00E7FFE2 /* HappyLifeSwift */,
			);
		};
/* End PBXProject section */

/* Begin PBXSourcesBuildPhase section */
		9BA0C02922B060CE00E7FFE2 /* Sources */ = {
			isa = PBXSourcesBuildPhase;
			buildActionMask = 2147483647;
			files = (
<<<<<<< HEAD
				9BF4626C22B8520000A886AF /* Address.swift in Sources */,
=======
				9BE37B8522B1DAFE00EF6ECE /* Seller.swift in Sources */,
>>>>>>> Vipul
				9BA0C03122B060CE00E7FFE2 /* main.swift in Sources */,
				9BF4626222B8487200A886AF /* Utitlity.swift in Sources */,
				9BF4626422B848B600A886AF /* Seller.swift in Sources */,
				9BF4627322B86AAF00A886AF /* IDisplay.swift in Sources */,
				9BF4626E22B854D100A886AF /* Enums.swift in Sources */,
				9BF4627022B8672400A886AF /* Products.swift in Sources */,
				9BF4626622B848C100A886AF /* Buyer.swift in Sources */,
				9BE37B8322B1D51000EF6ECE /* Users.swift in Sources */,
			);
			runOnlyForDeploymentPostprocessing = 0;
		};
/* End PBXSourcesBuildPhase section */

/* Begin XCBuildConfiguration section */
		9BA0C03222B060CE00E7FFE2 /* Debug */ = {
			isa = XCBuildConfiguration;
			buildSettings = {
				ALWAYS_SEARCH_USER_PATHS = NO;
				CLANG_ANALYZER_NONNULL = YES;
				CLANG_ANALYZER_NUMBER_OBJECT_CONVERSION = YES_AGGRESSIVE;
				CLANG_CXX_LANGUAGE_STANDARD = "gnu++14";
				CLANG_CXX_LIBRARY = "libc++";
				CLANG_ENABLE_MODULES = YES;
				CLANG_ENABLE_OBJC_ARC = YES;
				CLANG_ENABLE_OBJC_WEAK = YES;
				CLANG_WARN_BLOCK_CAPTURE_AUTORELEASING = YES;
				CLANG_WARN_BOOL_CONVERSION = YES;
				CLANG_WARN_COMMA = YES;
				CLANG_WARN_CONSTANT_CONVERSION = YES;
				CLANG_WARN_DEPRECATED_OBJC_IMPLEMENTATIONS = YES;
				CLANG_WARN_DIRECT_OBJC_ISA_USAGE = YES_ERROR;
				CLANG_WARN_DOCUMENTATION_COMMENTS = YES;
				CLANG_WARN_EMPTY_BODY = YES;
				CLANG_WARN_ENUM_CONVERSION = YES;
				CLANG_WARN_INFINITE_RECURSION = YES;
				CLANG_WARN_INT_CONVERSION = YES;
				CLANG_WARN_NON_LITERAL_NULL_CONVERSION = YES;
				CLANG_WARN_OBJC_IMPLICIT_RETAIN_SELF = YES;
				CLANG_WARN_OBJC_LITERAL_CONVERSION = YES;
				CLANG_WARN_OBJC_ROOT_CLASS = YES_ERROR;
				CLANG_WARN_RANGE_LOOP_ANALYSIS = YES;
				CLANG_WARN_STRICT_PROTOTYPES = YES;
				CLANG_WARN_SUSPICIOUS_MOVE = YES;
				CLANG_WARN_UNGUARDED_AVAILABILITY = YES_AGGRESSIVE;
				CLANG_WARN_UNREACHABLE_CODE = YES;
				CLANG_WARN__DUPLICATE_METHOD_MATCH = YES;
				CODE_SIGN_IDENTITY = "-";
				COPY_PHASE_STRIP = NO;
				DEBUG_INFORMATION_FORMAT = dwarf;
				ENABLE_STRICT_OBJC_MSGSEND = YES;
				ENABLE_TESTABILITY = YES;
				GCC_C_LANGUAGE_STANDARD = gnu11;
				GCC_DYNAMIC_NO_PIC = NO;
				GCC_NO_COMMON_BLOCKS = YES;
				GCC_OPTIMIZATION_LEVEL = 0;
				GCC_PREPROCESSOR_DEFINITIONS = (
					"DEBUG=1",
					"$(inherited)",
				);
				GCC_WARN_64_TO_32_BIT_CONVERSION = YES;
				GCC_WARN_ABOUT_RETURN_TYPE = YES_ERROR;
				GCC_WARN_UNDECLARED_SELECTOR = YES;
				GCC_WARN_UNINITIALIZED_AUTOS = YES_AGGRESSIVE;
				GCC_WARN_UNUSED_FUNCTION = YES;
				GCC_WARN_UNUSED_VARIABLE = YES;
				MACOSX_DEPLOYMENT_TARGET = 10.14;
				MTL_ENABLE_DEBUG_INFO = INCLUDE_SOURCE;
				MTL_FAST_MATH = YES;
				ONLY_ACTIVE_ARCH = YES;
				SDKROOT = macosx;
				SWIFT_ACTIVE_COMPILATION_CONDITIONS = DEBUG;
				SWIFT_OPTIMIZATION_LEVEL = "-Onone";
			};
			name = Debug;
		};
		9BA0C03322B060CE00E7FFE2 /* Release */ = {
			isa = XCBuildConfiguration;
			buildSettings = {
				ALWAYS_SEARCH_USER_PATHS = NO;
				CLANG_ANALYZER_NONNULL = YES;
				CLANG_ANALYZER_NUMBER_OBJECT_CONVERSION = YES_AGGRESSIVE;
				CLANG_CXX_LANGUAGE_STANDARD = "gnu++14";
				CLANG_CXX_LIBRARY = "libc++";
				CLANG_ENABLE_MODULES = YES;
				CLANG_ENABLE_OBJC_ARC = YES;
				CLANG_ENABLE_OBJC_WEAK = YES;
				CLANG_WARN_BLOCK_CAPTURE_AUTORELEASING = YES;
				CLANG_WARN_BOOL_CONVERSION = YES;
				CLANG_WARN_COMMA = YES;
				CLANG_WARN_CONSTANT_CONVERSION = YES;
				CLANG_WARN_DEPRECATED_OBJC_IMPLEMENTATIONS = YES;
				CLANG_WARN_DIRECT_OBJC_ISA_USAGE = YES_ERROR;
				CLANG_WARN_DOCUMENTATION_COMMENTS = YES;
				CLANG_WARN_EMPTY_BODY = YES;
				CLANG_WARN_ENUM_CONVERSION = YES;
				CLANG_WARN_INFINITE_RECURSION = YES;
				CLANG_WARN_INT_CONVERSION = YES;
				CLANG_WARN_NON_LITERAL_NULL_CONVERSION = YES;
				CLANG_WARN_OBJC_IMPLICIT_RETAIN_SELF = YES;
				CLANG_WARN_OBJC_LITERAL_CONVERSION = YES;
				CLANG_WARN_OBJC_ROOT_CLASS = YES_ERROR;
				CLANG_WARN_RANGE_LOOP_ANALYSIS = YES;
				CLANG_WARN_STRICT_PROTOTYPES = YES;
				CLANG_WARN_SUSPICIOUS_MOVE = YES;
				CLANG_WARN_UNGUARDED_AVAILABILITY = YES_AGGRESSIVE;
				CLANG_WARN_UNREACHABLE_CODE = YES;
				CLANG_WARN__DUPLICATE_METHOD_MATCH = YES;
				CODE_SIGN_IDENTITY = "-";
				COPY_PHASE_STRIP = NO;
				DEBUG_INFORMATION_FORMAT = "dwarf-with-dsym";
				ENABLE_NS_ASSERTIONS = NO;
				ENABLE_STRICT_OBJC_MSGSEND = YES;
				GCC_C_LANGUAGE_STANDARD = gnu11;
				GCC_NO_COMMON_BLOCKS = YES;
				GCC_WARN_64_TO_32_BIT_CONVERSION = YES;
				GCC_WARN_ABOUT_RETURN_TYPE = YES_ERROR;
				GCC_WARN_UNDECLARED_SELECTOR = YES;
				GCC_WARN_UNINITIALIZED_AUTOS = YES_AGGRESSIVE;
				GCC_WARN_UNUSED_FUNCTION = YES;
				GCC_WARN_UNUSED_VARIABLE = YES;
				MACOSX_DEPLOYMENT_TARGET = 10.14;
				MTL_ENABLE_DEBUG_INFO = NO;
				MTL_FAST_MATH = YES;
				SDKROOT = macosx;
				SWIFT_COMPILATION_MODE = wholemodule;
				SWIFT_OPTIMIZATION_LEVEL = "-O";
			};
			name = Release;
		};
		9BA0C03522B060CE00E7FFE2 /* Debug */ = {
			isa = XCBuildConfiguration;
			buildSettings = {
				CODE_SIGN_STYLE = Automatic;
				PRODUCT_NAME = "$(TARGET_NAME)";
				SWIFT_VERSION = 5.0;
			};
			name = Debug;
		};
		9BA0C03622B060CE00E7FFE2 /* Release */ = {
			isa = XCBuildConfiguration;
			buildSettings = {
				CODE_SIGN_STYLE = Automatic;
				PRODUCT_NAME = "$(TARGET_NAME)";
				SWIFT_VERSION = 5.0;
			};
			name = Release;
		};
/* End XCBuildConfiguration section */

/* Begin XCConfigurationList section */
		9BA0C02822B060CE00E7FFE2 /* Build configuration list for PBXProject "HappyLifeSwift" */ = {
			isa = XCConfigurationList;
			buildConfigurations = (
				9BA0C03222B060CE00E7FFE2 /* Debug */,
				9BA0C03322B060CE00E7FFE2 /* Release */,
			);
			defaultConfigurationIsVisible = 0;
			defaultConfigurationName = Release;
		};
		9BA0C03422B060CE00E7FFE2 /* Build configuration list for PBXNativeTarget "HappyLifeSwift" */ = {
			isa = XCConfigurationList;
			buildConfigurations = (
				9BA0C03522B060CE00E7FFE2 /* Debug */,
				9BA0C03622B060CE00E7FFE2 /* Release */,
			);
			defaultConfigurationIsVisible = 0;
			defaultConfigurationName = Release;
		};
/* End XCConfigurationList section */
	};
	rootObject = 9BA0C02522B060CE00E7FFE2 /* Project object */;
}
